{
  "name": "dgci-phase2-switch-fabric",
  "version": "1.0.0",
  "lockfileVersion": 1,
  "requires": true,
  "dependencies": {
    "@azure/functions": {
      "version": "1.2.3",
      "resolved": "https://registry.npmjs.org/@azure/functions/-/functions-1.2.3.tgz",
      "integrity": "sha512-dZITbYPNg6ay6ngcCOjRUh1wDhlFITS0zIkqplyH5KfKEAVPooaoaye5mUFnR+WP9WdGRjlNXyl/y2tgWKHcRg==",
      "dev": true
    },
    "@types/axios": {
      "version": "0.14.0",
      "resolved": "https://registry.npmjs.org/@types/axios/-/axios-0.14.0.tgz",
      "integrity": "sha1-7CMA++fX3d1+udOr+HmZlkyvzkY=",
      "dev": true,
      "requires": {
        "axios": "*"
      }
    },
    "@types/node": {
      "version": "15.6.1",
      "resolved": "https://registry.npmjs.org/@types/node/-/node-15.6.1.tgz",
      "integrity": "sha512-7EIraBEyRHEe7CH+Fm1XvgqU6uwZN8Q7jppJGcqjROMT29qhAuuOxYB1uEY5UMYQKEmA5D+5tBnhdaPXSsLONA==",
      "dev": true
    },
    "@types/xml": {
      "version": "1.0.5",
      "resolved": "https://registry.npmjs.org/@types/xml/-/xml-1.0.5.tgz",
      "integrity": "sha512-h3PVM7waRi2UeoaY2BhpLGvettU/3vfCbsjXMV/9Ex5WjvIy82J8Qfp1xiPxM4kTSOLdFFpjRwQ7YY7XJeKBvg==",
      "dev": true,
      "requires": {
        "@types/node": "*"
      }
    },
    "@types/xml-formatter": {
      "version": "2.1.1",
      "resolved": "https://registry.npmjs.org/@types/xml-formatter/-/xml-formatter-2.1.1.tgz",
      "integrity": "sha512-bMP2ZkVCJrOO0NYiLGHc0m6GkkR1ougOCavz+Z/PKVcwzyoLLoTBDnGvqm0YsEushbNJXpXlK65da22RE4XcPA==",
      "dev": true,
      "requires": {
        "xml-formatter": "*"
      }
    },
    "axios": {
      "version": "0.21.1",
      "resolved": "https://registry.npmjs.org/axios/-/axios-0.21.1.tgz",
      "integrity": "sha512-dKQiRHxGD9PPRIUNIWvZhPTPpl1rf/OxTYKsqKUDjBwYylTvV7SjSHJb9ratfyzM6wCdLCOYLzs73qpg5c4iGA==",
      "requires": {
        "follow-redirects": "^1.10.0"
      }
    },
    "follow-redirects": {
      "version": "1.14.1",
      "resolved": "https://registry.npmjs.org/follow-redirects/-/follow-redirects-1.14.1.tgz",
      "integrity": "sha512-HWqDgT7ZEkqRzBvc2s64vSZ/hfOceEol3ac/7tKwzuvEyWx3/4UegXh5oBOIotkGsObyk3xznnSRVADBgWSQVg=="
    },
    "typescript": {
      "version": "4.3.2",
      "resolved": "https://registry.npmjs.org/typescript/-/typescript-4.3.2.tgz",
      "integrity": "sha512-zZ4hShnmnoVnAHpVHWpTcxdv7dWP60S2FsydQLV8V5PbS3FifjWFFRiHSWpDJahly88PRyV5teTSLoq4eG7mKw==",
      "dev": true
    },
    "xml": {
      "version": "1.0.1",
      "resolved": "https://registry.npmjs.org/xml/-/xml-1.0.1.tgz",
      "integrity": "sha1-eLpyAgApxbyHuKgaPPzXS0ovweU="
    },
    "xml-formatter": {
      "version": "2.4.0",
      "resolved": "https://registry.npmjs.org/xml-formatter/-/xml-formatter-2.4.0.tgz",
      "integrity": "sha512-xTQ2IfbkCQKn0DGN5SD5KUgTgVohWiolyOXTLUHKJczIuSeGonN0BPduB9VQR5HOEuT1KOHQsOHSmTpU76zpUA==",
      "requires": {
        "xml-parser-xo": "^3.1.1"
      }
    },
    "xml-parser-xo": {
      "version": "3.1.1",
      "resolved": "https://registry.npmjs.org/xml-parser-xo/-/xml-parser-xo-3.1.1.tgz",
      "integrity": "sha512-gq1nDlJxjKQpPPZUhLbJ52pghtlB4Rz6LAQULm3SF6xzOYVnUloBglNhJR9vtZB3vIxMN/R3nZTf3qmun+6GCg=="
    }
  }
}
